
Microsoft Visual Studio Solution File, Format Version 12.00
# Visual Studio Version 17
VisualStudioVersion = 17.0.31903.59
MinimumVisualStudioVersion = 10.0.40219.1
Project("{2150E333-8FDC-42A3-9474-1A3956D46DE8}") = "src", "src", "{A0000001-0000-0000-0000-000000000001}"
EndProject
Project("{FAE04EC0-301F-11D3-BF4B-00C04F79EFBC}") = "Showcase.Common", "src\Showcase.Common\Showcase.Common.csproj", "{E0000001-0000-0000-0000-000000000001}"
EndProject
Project("{FAE04EC0-301F-11D3-BF4B-00C04F79EFBC}") = "Showcase.HelloWindow", "src\Showcase.HelloWindow\Showcase.HelloWindow.csproj", "{E0000002-0000-0000-0000-000000000001}"
EndProject
Project("{FAE04EC0-301F-11D3-BF4B-00C04F79EFBC}") = "Showcase.EngineDemo", "src\Showcase.EngineDemo\Showcase.EngineDemo.csproj", "{E0000003-0000-0000-0000-000000000001}"
EndProject
Project("{FAE04EC0-301F-11D3-BF4B-00C04F79EFBC}") = "Showcase.FullDemo", "src\Showcase.FullDemo\Showcase.FullDemo.csproj", "{E364822C-758E-4B59-8AE6-35C065A748B4}"
EndProject
Project("{FAE04EC0-301F-11D3-BF4B-00C04F79EFBC}") = "Showcase.AtlasDemo", "src\Showcase.AtlasDemo\Showcase.AtlasDemo.csproj", "{2E2DEC92-BE85-43A8-9C11-9E6B6FED515C}"
EndProject
Project("{FAE04EC0-301F-11D3-BF4B-00C04F79EFBC}") = "Showcase.LoadingDemo", "src\Showcase.LoadingDemo\Showcase.LoadingDemo.csproj", "{A2C51427-DA3A-4683-868B-52F7A55560E0}"
EndProject
Global
	GlobalSection(SolutionConfigurationPlatforms) = preSolution
		Debug|Any CPU = Debug|Any CPU
		Release|Any CPU = Release|Any CPU
	EndGlobalSection
	GlobalSection(ProjectConfigurationPlatforms) = postSolution
		{E0000001-0000-0000-0000-000000000001}.Debug|Any CPU.ActiveCfg = Debug|Any CPU
		{E0000001-0000-0000-0000-000000000001}.Debug|Any CPU.Build.0 = Debug|Any CPU
		{E0000001-0000-0000-0000-000000000001}.Release|Any CPU.ActiveCfg = Release|Any CPU
		{E0000001-0000-0000-0000-000000000001}.Release|Any CPU.Build.0 = Release|Any CPU
		{E0000002-0000-0000-0000-000000000001}.Debug|Any CPU.ActiveCfg = Debug|Any CPU
		{E0000002-0000-0000-0000-000000000001}.Debug|Any CPU.Build.0 = Debug|Any CPU
		{E0000002-0000-0000-0000-000000000001}.Release|Any CPU.ActiveCfg = Release|Any CPU
		{E0000002-0000-0000-0000-000000000001}.Release|Any CPU.Build.0 = Release|Any CPU
		{E0000003-0000-0000-0000-000000000001}.Debug|Any CPU.ActiveCfg = Debug|Any CPU
		{E0000003-0000-0000-0000-000000000001}.Debug|Any CPU.Build.0 = Debug|Any CPU
		{E0000003-0000-0000-0000-000000000001}.Release|Any CPU.ActiveCfg = Release|Any CPU
		{E0000003-0000-0000-0000-000000000001}.Release|Any CPU.Build.0 = Release|Any CPU
		{E364822C-758E-4B59-8AE6-35C065A748B4}.Debug|Any CPU.ActiveCfg = Debug|Any CPU
		{E364822C-758E-4B59-8AE6-35C065A748B4}.Debug|Any CPU.Build.0 = Debug|Any CPU
		{E364822C-758E-4B59-8AE6-35C065A748B4}.Release|Any CPU.ActiveCfg = Release|Any CPU
		{E364822C-758E-4B59-8AE6-35C065A748B4}.Release|Any CPU.Build.0 = Release|Any CPU
		{2E2DEC92-BE85-43A8-9C11-9E6B6FED515C}.Debug|Any CPU.ActiveCfg = Debug|Any CPU
		{2E2DEC92-BE85-43A8-9C11-9E6B6FED515C}.Debug|Any CPU.Build.0 = Debug|Any CPU
		{2E2DEC92-BE85-43A8-9C11-9E6B6FED515C}.Release|Any CPU.ActiveCfg = Release|Any CPU
		{2E2DEC92-BE85-43A8-9C11-9E6B6FED515C}.Release|Any CPU.Build.0 = Release|Any CPU
		{A2C51427-DA3A-4683-868B-52F7A55560E0}.Debug|Any CPU.ActiveCfg = Debug|Any CPU
		{A2C51427-DA3A-4683-868B-52F7A55560E0}.Debug|Any CPU.Build.0 = Debug|Any CPU
		{A2C51427-DA3A-4683-868B-52F7A55560E0}.Release|Any CPU.ActiveCfg = Release|Any CPU
		{A2C51427-DA3A-4683-868B-52F7A55560E0}.Release|Any CPU.Build.0 = Release|Any CPU
	EndGlobalSection
	GlobalSection(NestedProjects) = preSolution
		{E0000001-0000-0000-0000-000000000001} = {A0000001-0000-0000-0000-000000000001}
		{E0000002-0000-0000-0000-000000000001} = {A0000001-0000-0000-0000-000000000001}
		{E0000003-0000-0000-0000-000000000001} = {A0000001-0000-0000-0000-000000000001}
		{E364822C-758E-4B59-8AE6-35C065A748B4} = {A0000001-0000-0000-0000-000000000001}
		{2E2DEC92-BE85-43A8-9C11-9E6B6FED515C} = {A0000001-0000-0000-0000-000000000001}
		{A2C51427-DA3A-4683-868B-52F7A55560E0} = {A0000001-0000-0000-0000-000000000001}
	EndGlobalSection
EndGlobal
